
Microsoft Visual Studio Solution File, Format Version 11.00
# Visual Studio 2010
Project("{FAE04EC0-301F-11D3-BF4B-00C04F79EFBC}") = "UnityEngine.UI", "UnityEngine.UI.csproj", "{118ab564-3196-03d8-9d2b-5020b491c07f}"
EndProject
Project("{FAE04EC0-301F-11D3-BF4B-00C04F79EFBC}") = "Unity.RenderPipelines.Core.Runtime", "Unity.RenderPipelines.Core.Runtime.csproj", "{7831cf2d-e266-ffbf-599d-e4c602811a9b}"
EndProject
Project("{FAE04EC0-301F-11D3-BF4B-00C04F79EFBC}") = "UnityEngine.TestRunner", "UnityEngine.TestRunner.csproj", "{9ec9f744-7a3e-b709-1dc3-4fcd72574992}"
EndProject
Project("{FAE04EC0-301F-11D3-BF4B-00C04F79EFBC}") = "Unity.Mathematics", "Unity.Mathematics.csproj", "{7f8f7e68-7623-b25d-716d-ce93410efd85}"
EndProject
Project("{FAE04EC0-301F-11D3-BF4B-00C04F79EFBC}") = "MessagePack", "MessagePack.csproj", "{6bd329f3-abb4-5977-a305-3478517c5ded}"
EndProject
Project("{FAE04EC0-301F-11D3-BF4B-00C04F79EFBC}") = "Unity.VisualScripting.State", "Unity.VisualScripting.State.csproj", "{ace7a346-1f23-1382-0d71-6ba9eb7e5299}"
EndProject
Project("{FAE04EC0-301F-11D3-BF4B-00C04F79EFBC}") = "Unity.VisualScripting.Core", "Unity.VisualScripting.Core.csproj", "{107445cc-2442-8ac6-60e2-ece72b25e36b}"
EndProject
Project("{FAE04EC0-301F-11D3-BF4B-00C04F79EFBC}") = "Unity.RenderPipelines.Universal.Runtime", "Unity.RenderPipelines.Universal.Runtime.csproj", "{b9007487-b2ab-2c5a-7e45-55983a92db78}"
EndProject
Project("{FAE04EC0-301F-11D3-BF4B-00C04F79EFBC}") = "Unity.VisualScripting.Flow", "Unity.VisualScripting.Flow.csproj", "{67552fa7-cc78-023c-1a6d-752eba3d9f5e}"
EndProject
Project("{FAE04EC0-301F-11D3-BF4B-00C04F79EFBC}") = "Unity.Burst", "Unity.Burst.csproj", "{ede92049-b1d0-f9fb-d17a-c1387916189e}"
EndProject
Project("{FAE04EC0-301F-11D3-BF4B-00C04F79EFBC}") = "Unity.TextMeshPro", "Unity.TextMeshPro.csproj", "{0a85aa06-452b-9e73-b708-aa074f5b09bb}"
EndProject
Project("{FAE04EC0-301F-11D3-BF4B-00C04F79EFBC}") = "Unity.Timeline", "Unity.Timeline.csproj", "{7fd975ce-aedf-bbaf-f574-8d2e7716c6c3}"
EndProject
Project("{FAE04EC0-301F-11D3-BF4B-00C04F79EFBC}") = "Autodesk.Fbx", "Autodesk.Fbx.csproj", "{1b94074b-ec1c-67e6-7706-a21aef12c08c}"
EndProject
Project("{FAE04EC0-301F-11D3-BF4B-00C04F79EFBC}") = "Assembly-CSharp", "Assembly-CSharp.csproj", "{c21db53f-cff7-0ccc-31ce-68345ce41b14}"
EndProject
Project("{FAE04EC0-301F-11D3-BF4B-00C04F79EFBC}") = "Unity.RenderPipeline.Universal.ShaderLibrary", "Unity.RenderPipeline.Universal.ShaderLibrary.csproj", "{70b3ca3b-52c6-d23b-3fc4-bf3966cb59ba}"
EndProject
Project("{FAE04EC0-301F-11D3-BF4B-00C04F79EFBC}") = "Unity.Formats.Fbx.Runtime", "Unity.Formats.Fbx.Runtime.csproj", "{78cedcf4-ebd3-14ed-e58c-b07f4a53d1ce}"
EndProject
Project("{FAE04EC0-301F-11D3-BF4B-00C04F79EFBC}") = "Unity.RenderPipelines.Core.ShaderLibrary", "Unity.RenderPipelines.Core.ShaderLibrary.csproj", "{cea31462-ca67-bd21-2a3d-1bfdae9b12e9}"
EndProject
Project("{FAE04EC0-301F-11D3-BF4B-00C04F79EFBC}") = "MessagePack.Annotations", "MessagePack.Annotations.csproj", "{00eafc48-e972-8943-1241-0a65b9354519}"
EndProject
Project("{FAE04EC0-301F-11D3-BF4B-00C04F79EFBC}") = "FbxBuildTestAssets", "FbxBuildTestAssets.csproj", "{febd5843-9f9c-060f-a446-ac33ccb60430}"
EndProject
Project("{FAE04EC0-301F-11D3-BF4B-00C04F79EFBC}") = "Unity.RenderPipelines.Universal.Shaders", "Unity.RenderPipelines.Universal.Shaders.csproj", "{cc5fbddd-2a8b-3da8-1a93-8e859eef7276}"
EndProject
Project("{FAE04EC0-301F-11D3-BF4B-00C04F79EFBC}") = "Unity.RenderPipelines.ShaderGraph.ShaderGraphLibrary", "Unity.RenderPipelines.ShaderGraph.ShaderGraphLibrary.csproj", "{8b91d65a-8708-1446-3f0d-3c33cde23e2b}"
EndProject
Project("{FAE04EC0-301F-11D3-BF4B-00C04F79EFBC}") = "Unity.VisualScripting.Core.Editor", "Unity.VisualScripting.Core.Editor.csproj", "{dc0bc8dc-1278-b346-f0c7-98b9c2813b33}"
EndProject
Project("{FAE04EC0-301F-11D3-BF4B-00C04F79EFBC}") = "Unity.ShaderGraph.Editor", "Unity.ShaderGraph.Editor.csproj", "{a728fe8a-0752-f670-c4b9-c606ec22fda6}"
EndProject
Project("{FAE04EC0-301F-11D3-BF4B-00C04F79EFBC}") = "Unity.Formats.Fbx.Editor", "Unity.Formats.Fbx.Editor.csproj", "{de4767ef-32f5-1d3d-4aeb-eccfd8ea2ef5}"
EndProject
Project("{FAE04EC0-301F-11D3-BF4B-00C04F79EFBC}") = "Unity.VisualStudio.Editor", "Unity.VisualStudio.Editor.csproj", "{71874060-ba3f-cd6d-a3e3-67105d60ccfd}"
EndProject
Project("{FAE04EC0-301F-11D3-BF4B-00C04F79EFBC}") = "Unity.Timeline.Editor", "Unity.Timeline.Editor.csproj", "{f296b216-4be6-99b1-574f-0f8c807a8e7d}"
EndProject
Project("{FAE04EC0-301F-11D3-BF4B-00C04F79EFBC}") = "Unity.VisualScripting.State.Editor", "Unity.VisualScripting.State.Editor.csproj", "{2842254c-6db9-69e7-a9bd-fb37efe59725}"
EndProject
Project("{FAE04EC0-301F-11D3-BF4B-00C04F79EFBC}") = "Unity.TextMeshPro.Editor", "Unity.TextMeshPro.Editor.csproj", "{561ee855-7fee-caaf-9b60-2d8a8e2b1ea8}"
EndProject
Project("{FAE04EC0-301F-11D3-BF4B-00C04F79EFBC}") = "VSSettingsProvider", "VSSettingsProvider.csproj", "{56cdd8cf-2709-82e3-57b7-a4e45e6a8eda}"
EndProject
Project("{FAE04EC0-301F-11D3-BF4B-00C04F79EFBC}") = "Unity.CollabProxy.Editor", "Unity.CollabProxy.Editor.csproj", "{c7f80643-09ec-b24f-9381-eab066d4a00a}"
EndProject
Project("{FAE04EC0-301F-11D3-BF4B-00C04F79EFBC}") = "UnityEditor.TestRunner", "UnityEditor.TestRunner.csproj", "{ed657a6c-d452-a71f-852c-da70c1592b5f}"
EndProject
Project("{FAE04EC0-301F-11D3-BF4B-00C04F79EFBC}") = "Unity.VisualScripting.Flow.Editor", "Unity.VisualScripting.Flow.Editor.csproj", "{fe04a3a1-3ffb-0b51-34ae-f6d23eaee83a}"
EndProject
Project("{FAE04EC0-301F-11D3-BF4B-00C04F79EFBC}") = "Unity.Rider.Editor", "Unity.Rider.Editor.csproj", "{e60a5d69-19ad-e28d-b2aa-d50f98109898}"
EndProject
Project("{FAE04EC0-301F-11D3-BF4B-00C04F79EFBC}") = "Unity.RenderPipelines.Universal.Editor", "Unity.RenderPipelines.Universal.Editor.csproj", "{75d4c2c8-e47d-f756-bfb4-10b82a6518a7}"
EndProject
Project("{FAE04EC0-301F-11D3-BF4B-00C04F79EFBC}") = "Unity.RenderPipelines.Core.Editor", "Unity.RenderPipelines.Core.Editor.csproj", "{a5569b89-e328-1dd1-8a25-a90a65257b8c}"
EndProject
Project("{FAE04EC0-301F-11D3-BF4B-00C04F79EFBC}") = "Unity.Searcher.Editor", "Unity.Searcher.Editor.csproj", "{5664a1d1-db7d-b355-197e-45b0c9dd16de}"
EndProject
Project("{FAE04EC0-301F-11D3-BF4B-00C04F79EFBC}") = "Unity.Burst.Editor", "Unity.Burst.Editor.csproj", "{6185989f-a231-5981-39fd-b82cf92cc666}"
EndProject
Project("{FAE04EC0-301F-11D3-BF4B-00C04F79EFBC}") = "Unity.VSCode.Editor", "Unity.VSCode.Editor.csproj", "{7cb122ca-1545-a226-361d-745c79ba5ab4}"
EndProject
Project("{FAE04EC0-301F-11D3-BF4B-00C04F79EFBC}") = "UnityEditor.UI", "UnityEditor.UI.csproj", "{37a62d20-e7c0-5d59-ebde-6bafba91c6a8}"
EndProject
Project("{FAE04EC0-301F-11D3-BF4B-00C04F79EFBC}") = "Unity.Mathematics.Editor", "Unity.Mathematics.Editor.csproj", "{65c6520a-a0d6-0fd3-5c90-0e4c76e6a70d}"
EndProject
Project("{FAE04EC0-301F-11D3-BF4B-00C04F79EFBC}") = "Autodesk.Fbx.Editor", "Autodesk.Fbx.Editor.csproj", "{2d342c9b-c412-a436-f529-85337d955cb7}"
EndProject
Project("{FAE04EC0-301F-11D3-BF4B-00C04F79EFBC}") = "Unity.ShaderGraph.Utilities", "Unity.ShaderGraph.Utilities.csproj", "{7a128060-bb16-96b4-157a-9a44e07204d9}"
EndProject
Global
	GlobalSection(SolutionConfigurationPlatforms) = preSolution
		Debug|Any CPU = Debug|Any CPU
	EndGlobalSection
	GlobalSection(ProjectConfigurationPlatforms) = postSolution
		{118ab564-3196-03d8-9d2b-5020b491c07f}.Debug|Any CPU.ActiveCfg = Debug|Any CPU
		{118ab564-3196-03d8-9d2b-5020b491c07f}.Debug|Any CPU.Build.0 = Debug|Any CPU
		{7831cf2d-e266-ffbf-599d-e4c602811a9b}.Debug|Any CPU.ActiveCfg = Debug|Any CPU
		{7831cf2d-e266-ffbf-599d-e4c602811a9b}.Debug|Any CPU.Build.0 = Debug|Any CPU
		{9ec9f744-7a3e-b709-1dc3-4fcd72574992}.Debug|Any CPU.ActiveCfg = Debug|Any CPU
		{9ec9f744-7a3e-b709-1dc3-4fcd72574992}.Debug|Any CPU.Build.0 = Debug|Any CPU
		{7f8f7e68-7623-b25d-716d-ce93410efd85}.Debug|Any CPU.ActiveCfg = Debug|Any CPU
		{7f8f7e68-7623-b25d-716d-ce93410efd85}.Debug|Any CPU.Build.0 = Debug|Any CPU
		{6bd329f3-abb4-5977-a305-3478517c5ded}.Debug|Any CPU.ActiveCfg = Debug|Any CPU
		{6bd329f3-abb4-5977-a305-3478517c5ded}.Debug|Any CPU.Build.0 = Debug|Any CPU
		{ace7a346-1f23-1382-0d71-6ba9eb7e5299}.Debug|Any CPU.ActiveCfg = Debug|Any CPU
		{ace7a346-1f23-1382-0d71-6ba9eb7e5299}.Debug|Any CPU.Build.0 = Debug|Any CPU
		{107445cc-2442-8ac6-60e2-ece72b25e36b}.Debug|Any CPU.ActiveCfg = Debug|Any CPU
		{107445cc-2442-8ac6-60e2-ece72b25e36b}.Debug|Any CPU.Build.0 = Debug|Any CPU
		{b9007487-b2ab-2c5a-7e45-55983a92db78}.Debug|Any CPU.ActiveCfg = Debug|Any CPU
		{b9007487-b2ab-2c5a-7e45-55983a92db78}.Debug|Any CPU.Build.0 = Debug|Any CPU
		{67552fa7-cc78-023c-1a6d-752eba3d9f5e}.Debug|Any CPU.ActiveCfg = Debug|Any CPU
		{67552fa7-cc78-023c-1a6d-752eba3d9f5e}.Debug|Any CPU.Build.0 = Debug|Any CPU
		{ede92049-b1d0-f9fb-d17a-c1387916189e}.Debug|Any CPU.ActiveCfg = Debug|Any CPU
		{ede92049-b1d0-f9fb-d17a-c1387916189e}.Debug|Any CPU.Build.0 = Debug|Any CPU
		{0a85aa06-452b-9e73-b708-aa074f5b09bb}.Debug|Any CPU.ActiveCfg = Debug|Any CPU
		{0a85aa06-452b-9e73-b708-aa074f5b09bb}.Debug|Any CPU.Build.0 = Debug|Any CPU
		{7fd975ce-aedf-bbaf-f574-8d2e7716c6c3}.Debug|Any CPU.ActiveCfg = Debug|Any CPU
		{7fd975ce-aedf-bbaf-f574-8d2e7716c6c3}.Debug|Any CPU.Build.0 = Debug|Any CPU
		{1b94074b-ec1c-67e6-7706-a21aef12c08c}.Debug|Any CPU.ActiveCfg = Debug|Any CPU
		{1b94074b-ec1c-67e6-7706-a21aef12c08c}.Debug|Any CPU.Build.0 = Debug|Any CPU
		{c21db53f-cff7-0ccc-31ce-68345ce41b14}.Debug|Any CPU.ActiveCfg = Debug|Any CPU
		{c21db53f-cff7-0ccc-31ce-68345ce41b14}.Debug|Any CPU.Build.0 = Debug|Any CPU
		{70b3ca3b-52c6-d23b-3fc4-bf3966cb59ba}.Debug|Any CPU.ActiveCfg = Debug|Any CPU
		{70b3ca3b-52c6-d23b-3fc4-bf3966cb59ba}.Debug|Any CPU.Build.0 = Debug|Any CPU
		{78cedcf4-ebd3-14ed-e58c-b07f4a53d1ce}.Debug|Any CPU.ActiveCfg = Debug|Any CPU
		{78cedcf4-ebd3-14ed-e58c-b07f4a53d1ce}.Debug|Any CPU.Build.0 = Debug|Any CPU
		{cea31462-ca67-bd21-2a3d-1bfdae9b12e9}.Debug|Any CPU.ActiveCfg = Debug|Any CPU
		{cea31462-ca67-bd21-2a3d-1bfdae9b12e9}.Debug|Any CPU.Build.0 = Debug|Any CPU
		{00eafc48-e972-8943-1241-0a65b9354519}.Debug|Any CPU.ActiveCfg = Debug|Any CPU
		{00eafc48-e972-8943-1241-0a65b9354519}.Debug|Any CPU.Build.0 = Debug|Any CPU
		{febd5843-9f9c-060f-a446-ac33ccb60430}.Debug|Any CPU.ActiveCfg = Debug|Any CPU
		{febd5843-9f9c-060f-a446-ac33ccb60430}.Debug|Any CPU.Build.0 = Debug|Any CPU
		{cc5fbddd-2a8b-3da8-1a93-8e859eef7276}.Debug|Any CPU.ActiveCfg = Debug|Any CPU
		{cc5fbddd-2a8b-3da8-1a93-8e859eef7276}.Debug|Any CPU.Build.0 = Debug|Any CPU
		{8b91d65a-8708-1446-3f0d-3c33cde23e2b}.Debug|Any CPU.ActiveCfg = Debug|Any CPU
		{8b91d65a-8708-1446-3f0d-3c33cde23e2b}.Debug|Any CPU.Build.0 = Debug|Any CPU
		{dc0bc8dc-1278-b346-f0c7-98b9c2813b33}.Debug|Any CPU.ActiveCfg = Debug|Any CPU
		{dc0bc8dc-1278-b346-f0c7-98b9c2813b33}.Debug|Any CPU.Build.0 = Debug|Any CPU
		{a728fe8a-0752-f670-c4b9-c606ec22fda6}.Debug|Any CPU.ActiveCfg = Debug|Any CPU
		{a728fe8a-0752-f670-c4b9-c606ec22fda6}.Debug|Any CPU.Build.0 = Debug|Any CPU
		{de4767ef-32f5-1d3d-4aeb-eccfd8ea2ef5}.Debug|Any CPU.ActiveCfg = Debug|Any CPU
		{de4767ef-32f5-1d3d-4aeb-eccfd8ea2ef5}.Debug|Any CPU.Build.0 = Debug|Any CPU
		{71874060-ba3f-cd6d-a3e3-67105d60ccfd}.Debug|Any CPU.ActiveCfg = Debug|Any CPU
		{71874060-ba3f-cd6d-a3e3-67105d60ccfd}.Debug|Any CPU.Build.0 = Debug|Any CPU
		{f296b216-4be6-99b1-574f-0f8c807a8e7d}.Debug|Any CPU.ActiveCfg = Debug|Any CPU
		{f296b216-4be6-99b1-574f-0f8c807a8e7d}.Debug|Any CPU.Build.0 = Debug|Any CPU
		{2842254c-6db9-69e7-a9bd-fb37efe59725}.Debug|Any CPU.ActiveCfg = Debug|Any CPU
		{2842254c-6db9-69e7-a9bd-fb37efe59725}.Debug|Any CPU.Build.0 = Debug|Any CPU
		{561ee855-7fee-caaf-9b60-2d8a8e2b1ea8}.Debug|Any CPU.ActiveCfg = Debug|Any CPU
		{561ee855-7fee-caaf-9b60-2d8a8e2b1ea8}.Debug|Any CPU.Build.0 = Debug|Any CPU
		{56cdd8cf-2709-82e3-57b7-a4e45e6a8eda}.Debug|Any CPU.ActiveCfg = Debug|Any CPU
		{56cdd8cf-2709-82e3-57b7-a4e45e6a8eda}.Debug|Any CPU.Build.0 = Debug|Any CPU
		{c7f80643-09ec-b24f-9381-eab066d4a00a}.Debug|Any CPU.ActiveCfg = Debug|Any CPU
		{c7f80643-09ec-b24f-9381-eab066d4a00a}.Debug|Any CPU.Build.0 = Debug|Any CPU
		{ed657a6c-d452-a71f-852c-da70c1592b5f}.Debug|Any CPU.ActiveCfg = Debug|Any CPU
		{ed657a6c-d452-a71f-852c-da70c1592b5f}.Debug|Any CPU.Build.0 = Debug|Any CPU
		{fe04a3a1-3ffb-0b51-34ae-f6d23eaee83a}.Debug|Any CPU.ActiveCfg = Debug|Any CPU
		{fe04a3a1-3ffb-0b51-34ae-f6d23eaee83a}.Debug|Any CPU.Build.0 = Debug|Any CPU
		{e60a5d69-19ad-e28d-b2aa-d50f98109898}.Debug|Any CPU.ActiveCfg = Debug|Any CPU
		{e60a5d69-19ad-e28d-b2aa-d50f98109898}.Debug|Any CPU.Build.0 = Debug|Any CPU
		{75d4c2c8-e47d-f756-bfb4-10b82a6518a7}.Debug|Any CPU.ActiveCfg = Debug|Any CPU
		{75d4c2c8-e47d-f756-bfb4-10b82a6518a7}.Debug|Any CPU.Build.0 = Debug|Any CPU
		{a5569b89-e328-1dd1-8a25-a90a65257b8c}.Debug|Any CPU.ActiveCfg = Debug|Any CPU
		{a5569b89-e328-1dd1-8a25-a90a65257b8c}.Debug|Any CPU.Build.0 = Debug|Any CPU
		{5664a1d1-db7d-b355-197e-45b0c9dd16de}.Debug|Any CPU.ActiveCfg = Debug|Any CPU
		{5664a1d1-db7d-b355-197e-45b0c9dd16de}.Debug|Any CPU.Build.0 = Debug|Any CPU
		{6185989f-a231-5981-39fd-b82cf92cc666}.Debug|Any CPU.ActiveCfg = Debug|Any CPU
		{6185989f-a231-5981-39fd-b82cf92cc666}.Debug|Any CPU.Build.0 = Debug|Any CPU
		{7cb122ca-1545-a226-361d-745c79ba5ab4}.Debug|Any CPU.ActiveCfg = Debug|Any CPU
		{7cb122ca-1545-a226-361d-745c79ba5ab4}.Debug|Any CPU.Build.0 = Debug|Any CPU
		{37a62d20-e7c0-5d59-ebde-6bafba91c6a8}.Debug|Any CPU.ActiveCfg = Debug|Any CPU
		{37a62d20-e7c0-5d59-ebde-6bafba91c6a8}.Debug|Any CPU.Build.0 = Debug|Any CPU
		{65c6520a-a0d6-0fd3-5c90-0e4c76e6a70d}.Debug|Any CPU.ActiveCfg = Debug|Any CPU
		{65c6520a-a0d6-0fd3-5c90-0e4c76e6a70d}.Debug|Any CPU.Build.0 = Debug|Any CPU
		{2d342c9b-c412-a436-f529-85337d955cb7}.Debug|Any CPU.ActiveCfg = Debug|Any CPU
		{2d342c9b-c412-a436-f529-85337d955cb7}.Debug|Any CPU.Build.0 = Debug|Any CPU
		{7a128060-bb16-96b4-157a-9a44e07204d9}.Debug|Any CPU.ActiveCfg = Debug|Any CPU
		{7a128060-bb16-96b4-157a-9a44e07204d9}.Debug|Any CPU.Build.0 = Debug|Any CPU
	EndGlobalSection
	GlobalSection(SolutionProperties) = preSolution
		HideSolutionNode = FALSE
	EndGlobalSection
EndGlobal
